
Microsoft Visual Studio Solution File, Format Version 12.00
# Visual Studio Version 17
VisualStudioVersion = 17.0.31903.59
MinimumVisualStudioVersion = 10.0.40219.1
Project("{2150E333-8FDC-42A3-9474-1A3956D46DE8}") = "src", "src", "{8119D0F8-FF95-4187-8D6D-FC2D5865B16C}"
EndProject
Project("{FAE04EC0-301F-11D3-BF4B-00C04F79EFBC}") = "ARK.Core", "src\ARK.Core\ARK.Core.csproj", "{30887D08-27E4-423A-B82C-DB8A7E02F5F5}"
EndProject
Project("{FAE04EC0-301F-11D3-BF4B-00C04F79EFBC}") = "ARK.Cli", "src\ARK.Cli\ARK.Cli.csproj", "{28B2E3A0-34E0-4173-B2F8-7DA324F09BBF}"
EndProject
Project("{2150E333-8FDC-42A3-9474-1A3956D46DE8}") = "tests", "tests", "{DD858912-28BF-49FA-A346-119E3CB03B9B}"
EndProject
Project("{FAE04EC0-301F-11D3-BF4B-00C04F79EFBC}") = "ARK.Tests", "tests\ARK.Tests\ARK.Tests.csproj", "{2FAFB7F9-1136-4A6B-8463-BCCA78C23682}"
EndProject
Global
	GlobalSection(SolutionConfigurationPlatforms) = preSolution
		Debug|Any CPU = Debug|Any CPU
		Release|Any CPU = Release|Any CPU
	EndGlobalSection
	GlobalSection(SolutionProperties) = preSolution
		HideSolutionNode = FALSE
	EndGlobalSection
	GlobalSection(ProjectConfigurationPlatforms) = postSolution
		{30887D08-27E4-423A-B82C-DB8A7E02F5F5}.Debug|Any CPU.ActiveCfg = Debug|Any CPU
		{30887D08-27E4-423A-B82C-DB8A7E02F5F5}.Debug|Any CPU.Build.0 = Debug|Any CPU
		{30887D08-27E4-423A-B82C-DB8A7E02F5F5}.Release|Any CPU.ActiveCfg = Release|Any CPU
		{30887D08-27E4-423A-B82C-DB8A7E02F5F5}.Release|Any CPU.Build.0 = Release|Any CPU
		{28B2E3A0-34E0-4173-B2F8-7DA324F09BBF}.Debug|Any CPU.ActiveCfg = Debug|Any CPU
		{28B2E3A0-34E0-4173-B2F8-7DA324F09BBF}.Debug|Any CPU.Build.0 = Debug|Any CPU
		{28B2E3A0-34E0-4173-B2F8-7DA324F09BBF}.Release|Any CPU.ActiveCfg = Release|Any CPU
		{28B2E3A0-34E0-4173-B2F8-7DA324F09BBF}.Release|Any CPU.Build.0 = Release|Any CPU
		{2FAFB7F9-1136-4A6B-8463-BCCA78C23682}.Debug|Any CPU.ActiveCfg = Debug|Any CPU
		{2FAFB7F9-1136-4A6B-8463-BCCA78C23682}.Debug|Any CPU.Build.0 = Debug|Any CPU
		{2FAFB7F9-1136-4A6B-8463-BCCA78C23682}.Release|Any CPU.ActiveCfg = Release|Any CPU
		{2FAFB7F9-1136-4A6B-8463-BCCA78C23682}.Release|Any CPU.Build.0 = Release|Any CPU
	EndGlobalSection
	GlobalSection(NestedProjects) = preSolution
		{30887D08-27E4-423A-B82C-DB8A7E02F5F5} = {8119D0F8-FF95-4187-8D6D-FC2D5865B16C}
		{28B2E3A0-34E0-4173-B2F8-7DA324F09BBF} = {8119D0F8-FF95-4187-8D6D-FC2D5865B16C}
		{2FAFB7F9-1136-4A6B-8463-BCCA78C23682} = {DD858912-28BF-49FA-A346-119E3CB03B9B}
	EndGlobalSection
EndGlobal
